{
  "nodes": {
    "StarPU": {
      "inputs": {
        "nixpkgs": [
          "star-fletcher",
          "nixpkgs"
        ]
      },
      "locked": {
        "lastModified": 1783436703,
        "narHash": "sha256-fbp54xb/8gOjjgv4Q7TZM36x36bEzlxNTQpNlU35Yko=",
        "owner": "Sacolle",
        "repo": "nix-starpu",
        "rev": "6bdb16c65866f3d58db535d9648ea8fa969b1b8d",
        "type": "github"
      },
      "original": {
        "owner": "Sacolle",
        "repo": "nix-starpu",
        "type": "github"
      }
    },
    "StarPU_2": {
      "inputs": {
        "nixpkgs": [
          "star-fletcher",
          "eztrace",
          "nixpkgs"
        ]
      },
      "locked": {
        "lastModified": 1782310045,
        "narHash": "sha256-9BVSPw5FDFqft3246j45McYcFi37/rKAr5uiHrMZYqM=",
        "owner": "Sacolle",
        "repo": "nix-starpu",
        "rev": "dda0c51e9080bb641cd88adf83dd13c54a97f6a0",
        "type": "github"
      },
      "original": {
        "owner": "Sacolle",
        "repo": "nix-starpu",
        "type": "github"
      }
    },
    "cudaNixpkgs": {
      "locked": {
        "lastModified": 1738797219,
        "narHash": "sha256-KRwX9Z1XavpgeSDVM/THdFd6uH8rNm/6R+7kIbGa+2s=",
        "owner": "nixos",
        "repo": "nixpkgs",
        "rev": "1da52dd49a127ad74486b135898da2cef8c62665",
        "type": "github"
      },
      "original": {
        "owner": "nixos",
        "repo": "nixpkgs",
        "rev": "1da52dd49a127ad74486b135898da2cef8c62665",
        "type": "github"
      }
    },
    "experiments": {
      "inputs": {
        "nixpkgs": "nixpkgs"
      },
      "locked": {
        "lastModified": 1779372674,
        "narHash": "sha256-R07l6v4Cg+H4LrMZfmntLENgvqk38LvR5+oX7RIi65Q=",
        "owner": "Sacolle",
        "repo": "experiments-nix",
        "rev": "4488737e63f1d11d54e08a6c13923e323f208d0c",
        "type": "github"
      },
      "original": {
        "owner": "Sacolle",
        "repo": "experiments-nix",
        "type": "github"
      }
    },
    "eztrace": {
      "inputs": {
        "StarPU": "StarPU_2",
        "nixpkgs": [
          "star-fletcher",
          "nixpkgs"
        ],
        "starpu-new-src": "starpu-new-src"
      },
      "locked": {
        "lastModified": 1782398544,
        "narHash": "sha256-OfuholJmuKguvy0i4RxgFP05twvX3GvTr8m7Nayi0yA=",
        "owner": "Sacolle",
        "repo": "eztrace-pallas-nix",
        "rev": "6b6a620b376efe60b83a94627ac3407feb2f0d31",
        "type": "github"
      },
      "original": {
        "owner": "Sacolle",
        "repo": "eztrace-pallas-nix",
        "type": "github"
      }
    },
    "fletcher-base": {
      "inputs": {
        "nix-gl-host": "nix-gl-host",
        "nixpkgs": [
          "nixpkgs"
        ],
        "old-nixpkgs": "old-nixpkgs"
      },
      "locked": {
        "dir": "original",
        "lastModified": 1783969905,
        "narHash": "sha256-c9Bq7MnmOeKjf8cr/6AkEmeJAlxf5VU5kENFbSr7TyE=",
        "owner": "Sacolle",
        "repo": "fletcher-base",
        "rev": "bcd5e74100a97d3a61fd1afc4c16bd8c12b723ea",
        "type": "github"
      },
      "original": {
        "dir": "original",
        "owner": "Sacolle",
        "repo": "fletcher-base",
        "type": "github"
      }
    },
    "madagascar": {
      "inputs": {
        "nixpkgs": "nixpkgs_3"
      },
      "locked": {
        "lastModified": 1767632478,
        "narHash": "sha256-69gGz5+0H8G8LERPphtuGNvxc/US1BPiINrT0g4Dres=",
        "owner": "Sacolle",
        "repo": "nix-madagascar",
        "rev": "f580283b46bffdb9040d08ecde22e0dee52b9061",
        "type": "github"
      },
      "original": {
        "owner": "Sacolle",
        "repo": "nix-madagascar",
        "type": "github"
      }
    },
    "nix-gl-host": {
      "inputs": {
        "nixpkgs": [
          "fletcher-base",
          "nixpkgs"
        ]
      },
      "locked": {
        "lastModified": 1732211616,
        "narHash": "sha256-QZCKJoypcwgS3tDNSWMjlxEBZtOYPW3eXV24rMzKsac=",
        "owner": "numtide",
        "repo": "nix-gl-host",
        "rev": "5269b233f83880a0b433eafe026f0bc0d8f1a4a9",
        "type": "github"
      },
      "original": {
        "owner": "numtide",
        "repo": "nix-gl-host",
        "type": "github"
      }
    },
    "nix-gl-host_2": {
      "inputs": {
        "nixpkgs": [
          "nixpkgs"
        ]
      },
      "locked": {
        "lastModified": 1732211616,
        "narHash": "sha256-QZCKJoypcwgS3tDNSWMjlxEBZtOYPW3eXV24rMzKsac=",
        "owner": "numtide",
        "repo": "nix-gl-host",
        "rev": "5269b233f83880a0b433eafe026f0bc0d8f1a4a9",
        "type": "github"
      },
      "original": {
        "owner": "numtide",
        "repo": "nix-gl-host",
        "type": "github"
      }
    },
    "nix-gl-host_3": {
      "inputs": {
        "nixpkgs": [
          "star-fletcher",
          "nixpkgs"
        ]
      },
      "locked": {
        "lastModified": 1732211616,
        "narHash": "sha256-QZCKJoypcwgS3tDNSWMjlxEBZtOYPW3eXV24rMzKsac=",
        "owner": "numtide",
        "repo": "nix-gl-host",
        "rev": "5269b233f83880a0b433eafe026f0bc0d8f1a4a9",
        "type": "github"
      },
      "original": {
        "owner": "numtide",
        "repo": "nix-gl-host",
        "type": "github"
      }
    },
    "nixpkgs": {
      "locked": {
        "lastModified": 315532800,
        "narHash": "sha256-w9ktuEgDIWGsX58tR3nI5HBGNy1idO8KY4urO3msko0=",
        "rev": "6cdc7fc76e8bf7fde9fa43a849fcaaa70e230dee",
        "type": "tarball",
        "url": "https://releases.nixos.org/nixpkgs/nixpkgs-26.11pre1033616.6cdc7fc76e8b/nixexprs.tar.xz?lastModified=1783915482"
      },
      "original": {
        "id": "nixpkgs",
        "type": "indirect"
      }
    },
    "nixpkgs24": {
      "locked": {
        "lastModified": 1738797219,
        "narHash": "sha256-KRwX9Z1XavpgeSDVM/THdFd6uH8rNm/6R+7kIbGa+2s=",
        "owner": "nixos",
        "repo": "nixpkgs",
        "rev": "1da52dd49a127ad74486b135898da2cef8c62665",
        "type": "github"
      },
      "original": {
        "owner": "nixos",
        "repo": "nixpkgs",
        "rev": "1da52dd49a127ad74486b135898da2cef8c62665",
        "type": "github"
      }
    },
    "nixpkgs_2": {
      "locked": {
        "lastModified": 1783856661,
        "narHash": "sha256-ZGP04e+Q6WyQJGA9ZvI5CL6+heGQldbAG9U1T9NGvmU=",
        "owner": "nixos",
        "repo": "nixpkgs",
        "rev": "569d578509928497eddc3fdbf94a799027050be4",
        "type": "github"
      },
      "original": {
        "owner": "nixos",
        "ref": "nixos-26.05",
        "repo": "nixpkgs",
        "type": "github"
      }
    },
    "nixpkgs_3": {
      "locked": {
        "lastModified": 1764677808,
        "narHash": "sha256-H3lC7knbXOBrHI9hITQ7modLuX20mYJVhZORL5ioms0=",
        "owner": "NixOS",
        "repo": "nixpkgs",
        "rev": "1aab89277eb2d87823d5b69bae631a2496cff57a",
        "type": "github"
      },
      "original": {
        "owner": "NixOS",
        "ref": "nixos-25.11",
        "repo": "nixpkgs",
        "type": "github"
      }
    },
    "old-nixpkgs": {
      "locked": {
        "lastModified": 1751274312,
        "narHash": "sha256-/bVBlRpECLVzjV19t5KMdMFWSwKLtb5RyXdjz3LJT+g=",
        "owner": "nixos",
        "repo": "nixpkgs",
        "rev": "50ab793786d9de88ee30ec4e4c24fb4236fc2674",
        "type": "github"
      },
      "original": {
        "owner": "nixos",
        "ref": "nixos-24.11",
        "repo": "nixpkgs",
        "type": "github"
      }
    },
    "root": {
      "inputs": {
        "experiments": "experiments",
        "fletcher-base": "fletcher-base",
        "nix-gl-host": "nix-gl-host_2",
        "nixpkgs": "nixpkgs_2",
        "nixpkgs24": "nixpkgs24",
        "star-fletcher": "star-fletcher"
      }
    },
    "star-fletcher": {
      "inputs": {
        "StarPU": "StarPU",
        "cudaNixpkgs": "cudaNixpkgs",
        "eztrace": "eztrace",
        "madagascar": "madagascar",
        "nix-gl-host": "nix-gl-host_3",
        "nixpkgs": [
          "nixpkgs"
        ]
      },
      "locked": {
        "lastModified": 1783540984,
        "narHash": "sha256-XQ8dtfxWH6S2hSKBnSO2ilhic5K2wnKla4ds6Uly1Oc=",
        "owner": "Sacolle",
        "repo": "Star-Fletcher",
        "rev": "3b3c408bdc1fb3e19fe761f25929eb8b0f2135d3",
        "type": "github"
      },
      "original": {
        "owner": "Sacolle",
        "ref": "CUDA",
        "repo": "Star-Fletcher",
        "type": "github"
      }
    },
    "starpu-new-src": {
      "flake": false,
      "locked": {
        "host": "gitlab.inria.fr",
        "lastModified": 1776682404,
        "narHash": "sha256-anEWb9QVbWD3w9mGO2tTILxlsvIIoGaIrIi78W/zn5g=",
        "owner": "starpu",
        "repo": "starpu",
        "rev": "9af82fcb545815f8faae5868b72adf615dfc01f0",
        "type": "gitlab"
      },
      "original": {
        "host": "gitlab.inria.fr",
        "owner": "starpu",
        "repo": "starpu",
        "rev": "9af82fcb545815f8faae5868b72adf615dfc01f0",
        "type": "gitlab"
      }
    }
  },
  "root": "root",
  "version": 7
}
